// !$*UTF8*$!
{
	archiveVersion = 1;
	classes = {
	};
	objectVersion = 50;
	objects = {

/* Begin PBXBuildFile section */
		3A8B0667240A4D3300CF0849 /* AppDelegate.swift in Sources */ = {isa = PBXBuildFile; fileRef = 3A8B0666240A4D3300CF0849 /* AppDelegate.swift */; };
		3A8B0669240A4D3300CF0849 /* SceneDelegate.swift in Sources */ = {isa = PBXBuildFile; fileRef = 3A8B0668240A4D3300CF0849 /* SceneDelegate.swift */; };
		3A8B066B240A4D3300CF0849 /* ViewController.swift in Sources */ = {isa = PBXBuildFile; fileRef = 3A8B066A240A4D3300CF0849 /* ViewController.swift */; };
		3A8B066E240A4D3300CF0849 /* Main.storyboard in Resources */ = {isa = PBXBuildFile; fileRef = 3A8B066C240A4D3300CF0849 /* Main.storyboard */; };
		3A8B0671240A4D3300CF0849 /* Course___1st_swift_apps___HW_10.xcdatamodeld in Sources */ = {isa = PBXBuildFile; fileRef = 3A8B066F240A4D3300CF0849 /* Course___1st_swift_apps___HW_10.xcdatamodeld */; };
		3A8B0673240A4D3400CF0849 /* Assets.xcassets in Resources */ = {isa = PBXBuildFile; fileRef = 3A8B0672240A4D3400CF0849 /* Assets.xcassets */; };
		3A8B0676240A4D3400CF0849 /* LaunchScreen.storyboard in Resources */ = {isa = PBXBuildFile; fileRef = 3A8B0674240A4D3400CF0849 /* LaunchScreen.storyboard */; };
		3A8B067E240A4D5900CF0849 /* Characters.swift in Sources */ = {isa = PBXBuildFile; fileRef = 3A8B067D240A4D5900CF0849 /* Characters.swift */; };
/* End PBXBuildFile section */

/* Begin PBXFileReference section */
		3A8B0663240A4D3300CF0849 /* Course - 1st swift apps - HW-10.app */ = {isa = PBXFileReference; explicitFileType = wrapper.application; includeInIndex = 0; path = "Course - 1st swift apps - HW-10.app"; sourceTree = BUILT_PRODUCTS_DIR; };
		3A8B0666240A4D3300CF0849 /* AppDelegate.swift */ = {isa = PBXFileReference; lastKnownFileType = sourcecode.swift; path = AppDelegate.swift; sourceTree = "<group>"; };
		3A8B0668240A4D3300CF0849 /* SceneDelegate.swift */ = {isa = PBXFileReference; lastKnownFileType = sourcecode.swift; path = SceneDelegate.swift; sourceTree = "<group>"; };
		3A8B066A240A4D3300CF0849 /* ViewController.swift */ = {isa = PBXFileReference; lastKnownFileType = sourcecode.swift; path = ViewController.swift; sourceTree = "<group>"; };
		3A8B066D240A4D3300CF0849 /* Base */ = {isa = PBXFileReference; lastKnownFileType = file.storyboard; name = Base; path = Base.lproj/Main.storyboard; sourceTree = "<group>"; };
		3A8B0670240A4D3300CF0849 /* Course___1st_swift_apps___HW_10.xcdatamodel */ = {isa = PBXFileReference; lastKnownFileType = wrapper.xcdatamodel; path = "Course___1st_swift_apps___HW_10.xcdatamodel"; sourceTree = "<group>"; };
		3A8B0672240A4D3400CF0849 /* Assets.xcassets */ = {isa = PBXFileReference; lastKnownFileType = folder.assetcatalog; path = Assets.xcassets; sourceTree = "<group>"; };
		3A8B0675240A4D3400CF0849 /* Base */ = {isa = PBXFileReference; lastKnownFileType = file.storyboard; name = Base; path = Base.lproj/LaunchScreen.storyboard; sourceTree = "<group>"; };
		3A8B0677240A4D3400CF0849 /* Info.plist */ = {isa = PBXFileReference; lastKnownFileType = text.plist.xml; path = Info.plist; sourceTree = "<group>"; };
		3A8B067D240A4D5900CF0849 /* Characters.swift */ = {isa = PBXFileReference; lastKnownFileType = sourcecode.swift; path = Characters.swift; sourceTree = "<group>"; };
/* End PBXFileReference section */

/* Begin PBXFrameworksBuildPhase section */
		3A8B0660240A4D3300CF0849 /* Frameworks */ = {
			isa = PBXFrameworksBuildPhase;
			buildActionMask = 2147483647;
			files = (
			);
			runOnlyForDeploymentPostprocessing = 0;
		};
/* End PBXFrameworksBuildPhase section */

/* Begin PBXGroup section */
		3A8B065A240A4D3300CF0849 = {
			isa = PBXGroup;
			children = (
				3A8B0665240A4D3300CF0849 /* Course - 1st swift apps - HW-10 */,
				3A8B0664240A4D3300CF0849 /* Products */,
			);
			sourceTree = "<group>";
		};
		3A8B0664240A4D3300CF0849 /* Products */ = {
			isa = PBXGroup;
			children = (
				3A8B0663240A4D3300CF0849 /* Course - 1st swift apps - HW-10.app */,
			);
			name = Products;
			sourceTree = "<group>";
		};
		3A8B0665240A4D3300CF0849 /* Course - 1st swift apps - HW-10 */ = {
			isa = PBXGroup;
			children = (
				3A8B0682240A56BA00CF0849 /* SupportingFiles */,
				3A8B0681240A56B100CF0849 /* ViewControllers */,
				3A8B067F240A569D00CF0849 /* Models */,
				3A8B0680240A56A500CF0849 /* Views */,
				3A8B0672240A4D3400CF0849 /* Assets.xcassets */,
				3A8B066F240A4D3300CF0849 /* Course___1st_swift_apps___HW_10.xcdatamodeld */,
			);
			path = "Course - 1st swift apps - HW-10";
			sourceTree = "<group>";
		};
		3A8B067F240A569D00CF0849 /* Models */ = {
			isa = PBXGroup;
			children = (
				3A8B067D240A4D5900CF0849 /* Characters.swift */,
			);
			path = Models;
			sourceTree = "<group>";
		};
		3A8B0680240A56A500CF0849 /* Views */ = {
			isa = PBXGroup;
			children = (
				3A8B066C240A4D3300CF0849 /* Main.storyboard */,
				3A8B0674240A4D3400CF0849 /* LaunchScreen.storyboard */,
			);
			path = Views;
			sourceTree = "<group>";
		};
		3A8B0681240A56B100CF0849 /* ViewControllers */ = {
			isa = PBXGroup;
			children = (
				3A8B066A240A4D3300CF0849 /* ViewController.swift */,
			);
			path = ViewControllers;
			sourceTree = "<group>";
		};
		3A8B0682240A56BA00CF0849 /* SupportingFiles */ = {
			isa = PBXGroup;
			children = (
				3A8B0666240A4D3300CF0849 /* AppDelegate.swift */,
				3A8B0668240A4D3300CF0849 /* SceneDelegate.swift */,
				3A8B0677240A4D3400CF0849 /* Info.plist */,
			);
			path = SupportingFiles;
			sourceTree = "<group>";
		};
/* End PBXGroup section */

/* Begin PBXNativeTarget section */
		3A8B0662240A4D3300CF0849 /* Course - 1st swift apps - HW-10 */ = {
			isa = PBXNativeTarget;
			buildConfigurationList = 3A8B067A240A4D3400CF0849 /* Build configuration list for PBXNativeTarget "Course - 1st swift apps - HW-10" */;
			buildPhases = (
				3A8B065F240A4D3300CF0849 /* Sources */,
				3A8B0660240A4D3300CF0849 /* Frameworks */,
				3A8B0661240A4D3300CF0849 /* Resources */,
			);
			buildRules = (
			);
			dependencies = (
			);
			name = "Course - 1st swift apps - HW-10";
			productName = "Course - 1st swift apps - HW-10";
			productReference = 3A8B0663240A4D3300CF0849 /* Course - 1st swift apps - HW-10.app */;
			productType = "com.apple.product-type.application";
		};
/* End PBXNativeTarget section */

/* Begin PBXProject section */
		3A8B065B240A4D3300CF0849 /* Project object */ = {
			isa = PBXProject;
			attributes = {
				LastSwiftUpdateCheck = 1130;
				LastUpgradeCheck = 1130;
				ORGANIZATIONNAME = "Lev Litvak";
				TargetAttributes = {
					3A8B0662240A4D3300CF0849 = {
						CreatedOnToolsVersion = 11.3.1;
					};
				};
			};
			buildConfigurationList = 3A8B065E240A4D3300CF0849 /* Build configuration list for PBXProject "Course - 1st swift apps - HW-10" */;
			compatibilityVersion = "Xcode 9.3";
			developmentRegion = en;
			hasScannedForEncodings = 0;
			knownRegions = (
				en,
				Base,
			);
			mainGroup = 3A8B065A240A4D3300CF0849;
			productRefGroup = 3A8B0664240A4D3300CF0849 /* Products */;
			projectDirPath = "";
			projectRoot = "";
			targets = (
				3A8B0662240A4D3300CF0849 /* Course - 1st swift apps - HW-10 */,
			);
		};
/* End PBXProject section */

/* Begin PBXResourcesBuildPhase section */
		3A8B0661240A4D3300CF0849 /* Resources */ = {
			isa = PBXResourcesBuildPhase;
			buildActionMask = 2147483647;
			files = (
				3A8B0676240A4D3400CF0849 /* LaunchScreen.storyboard in Resources */,
				3A8B0673240A4D3400CF0849 /* Assets.xcassets in Resources */,
				3A8B066E240A4D3300CF0849 /* Main.storyboard in Resources */,
			);
			runOnlyForDeploymentPostprocessing = 0;
		};
/* End PBXResourcesBuildPhase section */

/* Begin PBXSourcesBuildPhase section */
		3A8B065F240A4D3300CF0849 /* Sources */ = {
			isa = PBXSourcesBuildPhase;
			buildActionMask = 2147483647;
			files = (
				3A8B066B240A4D3300CF0849 /* ViewController.swift in Sources */,
				3A8B0671240A4D3300CF0849 /* Course___1st_swift_apps___HW_10.xcdatamodeld in Sources */,
				3A8B0667240A4D3300CF0849 /* AppDelegate.swift in Sources */,
				3A8B0669240A4D3300CF0849 /* SceneDelegate.swift in Sources */,
				3A8B067E240A4D5900CF0849 /* Characters.swift in Sources */,
			);
			runOnlyForDeploymentPostprocessing = 0;
		};
/* End PBXSourcesBuildPhase section */

/* Begin PBXVariantGroup section */
		3A8B066C240A4D3300CF0849 /* Main.storyboard */ = {
			isa = PBXVariantGroup;
			children = (
				3A8B066D240A4D3300CF0849 /* Base */,
			);
			name = Main.storyboard;
			sourceTree = "<group>";
		};
		3A8B0674240A4D3400CF0849 /* LaunchScreen.storyboard */ = {
			isa = PBXVariantGroup;
			children = (
				3A8B0675240A4D3400CF0849 /* Base */,
			);
			name = LaunchScreen.storyboard;
			sourceTree = "<group>";
		};
/* End PBXVariantGroup section */

/* Begin XCBuildConfiguration section */
		3A8B0678240A4D3400CF0849 /* Debug */ = {
			isa = XCBuildConfiguration;
			buildSettings = {
				ALWAYS_SEARCH_USER_PATHS = NO;
				CLANG_ANALYZER_NONNULL = YES;
				CLANG_ANALYZER_NUMBER_OBJECT_CONVERSION = YES_AGGRESSIVE;
				CLANG_CXX_LANGUAGE_STANDARD = "gnu++14";
				CLANG_CXX_LIBRARY = "libc++";
				CLANG_ENABLE_MODULES = YES;
				CLANG_ENABLE_OBJC_ARC = YES;
				CLANG_ENABLE_OBJC_WEAK = YES;
				CLANG_WARN_BLOCK_CAPTURE_AUTORELEASING = YES;
				CLANG_WARN_BOOL_CONVERSION = YES;
				CLANG_WARN_COMMA = YES;
				CLANG_WARN_CONSTANT_CONVERSION = YES;
				CLANG_WARN_DEPRECATED_OBJC_IMPLEMENTATIONS = YES;
				CLANG_WARN_DIRECT_OBJC_ISA_USAGE = YES_ERROR;
				CLANG_WARN_DOCUMENTATION_COMMENTS = YES;
				CLANG_WARN_EMPTY_BODY = YES;
				CLANG_WARN_ENUM_CONVERSION = YES;
				CLANG_WARN_INFINITE_RECURSION = YES;
				CLANG_WARN_INT_CONVERSION = YES;
				CLANG_WARN_NON_LITERAL_NULL_CONVERSION = YES;
				CLANG_WARN_OBJC_IMPLICIT_RETAIN_SELF = YES;
				CLANG_WARN_OBJC_LITERAL_CONVERSION = YES;
				CLANG_WARN_OBJC_ROOT_CLASS = YES_ERROR;
				CLANG_WARN_RANGE_LOOP_ANALYSIS = YES;
				CLANG_WARN_STRICT_PROTOTYPES = YES;
				CLANG_WARN_SUSPICIOUS_MOVE = YES;
				CLANG_WARN_UNGUARDED_AVAILABILITY = YES_AGGRESSIVE;
				CLANG_WARN_UNREACHABLE_CODE = YES;
				CLANG_WARN__DUPLICATE_METHOD_MATCH = YES;
				COPY_PHASE_STRIP = NO;
				DEBUG_INFORMATION_FORMAT = dwarf;
				ENABLE_STRICT_OBJC_MSGSEND = YES;
				ENABLE_TESTABILITY = YES;
				GCC_C_LANGUAGE_STANDARD = gnu11;
				GCC_DYNAMIC_NO_PIC = NO;
				GCC_NO_COMMON_BLOCKS = YES;
				GCC_OPTIMIZATION_LEVEL = 0;
				GCC_PREPROCESSOR_DEFINITIONS = (
					"DEBUG=1",
					"$(inherited)",
				);
				GCC_WARN_64_TO_32_BIT_CONVERSION = YES;
				GCC_WARN_ABOUT_RETURN_TYPE = YES_ERROR;
				GCC_WARN_UNDECLARED_SELECTOR = YES;
				GCC_WARN_UNINITIALIZED_AUTOS = YES_AGGRESSIVE;
				GCC_WARN_UNUSED_FUNCTION = YES;
				GCC_WARN_UNUSED_VARIABLE = YES;
				IPHONEOS_DEPLOYMENT_TARGET = 13.2;
				MTL_ENABLE_DEBUG_INFO = INCLUDE_SOURCE;
				MTL_FAST_MATH = YES;
				ONLY_ACTIVE_ARCH = YES;
				SDKROOT = iphoneos;
				SWIFT_ACTIVE_COMPILATION_CONDITIONS = DEBUG;
				SWIFT_OPTIMIZATION_LEVEL = "-Onone";
			};
			name = Debug;
		};
		3A8B0679240A4D3400CF0849 /* Release */ = {
			isa = XCBuildConfiguration;
			buildSettings = {
				ALWAYS_SEARCH_USER_PATHS = NO;
				CLANG_ANALYZER_NONNULL = YES;
				CLANG_ANALYZER_NUMBER_OBJECT_CONVERSION = YES_AGGRESSIVE;
				CLANG_CXX_LANGUAGE_STANDARD = "gnu++14";
				CLANG_CXX_LIBRARY = "libc++";
				CLANG_ENABLE_MODULES = YES;
				CLANG_ENABLE_OBJC_ARC = YES;
				CLANG_ENABLE_OBJC_WEAK = YES;
				CLANG_WARN_BLOCK_CAPTURE_AUTORELEASING = YES;
				CLANG_WARN_BOOL_CONVERSION = YES;
				CLANG_WARN_COMMA = YES;
				CLANG_WARN_CONSTANT_CONVERSION = YES;
				CLANG_WARN_DEPRECATED_OBJC_IMPLEMENTATIONS = YES;
				CLANG_WARN_DIRECT_OBJC_ISA_USAGE = YES_ERROR;
				CLANG_WARN_DOCUMENTATION_COMMENTS = YES;
				CLANG_WARN_EMPTY_BODY = YES;
				CLANG_WARN_ENUM_CONVERSION = YES;
				CLANG_WARN_INFINITE_RECURSION = YES;
				CLANG_WARN_INT_CONVERSION = YES;
				CLANG_WARN_NON_LITERAL_NULL_CONVERSION = YES;
				CLANG_WARN_OBJC_IMPLICIT_RETAIN_SELF = YES;
				CLANG_WARN_OBJC_LITERAL_CONVERSION = YES;
				CLANG_WARN_OBJC_ROOT_CLASS = YES_ERROR;
				CLANG_WARN_RANGE_LOOP_ANALYSIS = YES;
				CLANG_WARN_STRICT_PROTOTYPES = YES;
				CLANG_WARN_SUSPICIOUS_MOVE = YES;
				CLANG_WARN_UNGUARDED_AVAILABILITY = YES_AGGRESSIVE;
				CLANG_WARN_UNREACHABLE_CODE = YES;
				CLANG_WARN__DUPLICATE_METHOD_MATCH = YES;
				COPY_PHASE_STRIP = NO;
				DEBUG_INFORMATION_FORMAT = "dwarf-with-dsym";
				ENABLE_NS_ASSERTIONS = NO;
				ENABLE_STRICT_OBJC_MSGSEND = YES;
				GCC_C_LANGUAGE_STANDARD = gnu11;
				GCC_NO_COMMON_BLOCKS = YES;
				GCC_WARN_64_TO_32_BIT_CONVERSION = YES;
				GCC_WARN_ABOUT_RETURN_TYPE = YES_ERROR;
				GCC_WARN_UNDECLARED_SELECTOR = YES;
				GCC_WARN_UNINITIALIZED_AUTOS = YES_AGGRESSIVE;
				GCC_WARN_UNUSED_FUNCTION = YES;
				GCC_WARN_UNUSED_VARIABLE = YES;
				IPHONEOS_DEPLOYMENT_TARGET = 13.2;
				MTL_ENABLE_DEBUG_INFO = NO;
				MTL_FAST_MATH = YES;
				SDKROOT = iphoneos;
				SWIFT_COMPILATION_MODE = wholemodule;
				SWIFT_OPTIMIZATION_LEVEL = "-O";
				VALIDATE_PRODUCT = YES;
			};
			name = Release;
		};
		3A8B067B240A4D3400CF0849 /* Debug */ = {
			isa = XCBuildConfiguration;
			buildSettings = {
				ASSETCATALOG_COMPILER_APPICON_NAME = AppIcon;
				CODE_SIGN_STYLE = Automatic;
				DEVELOPMENT_TEAM = 836WWF38RW;
				INFOPLIST_FILE = "Course - 1st swift apps - HW-10/SupportingFiles/Info.plist";
				LD_RUNPATH_SEARCH_PATHS = (
					"$(inherited)",
					"@executable_path/Frameworks",
				);
				PRODUCT_BUNDLE_IDENTIFIER = "Lev-Litvak.Course---1st-swift-apps---HW-10";
				PRODUCT_NAME = "$(TARGET_NAME)";
				SWIFT_VERSION = 5.0;
				TARGETED_DEVICE_FAMILY = "1,2";
			};
			name = Debug;
		};
		3A8B067C240A4D3400CF0849 /* Release */ = {
			isa = XCBuildConfiguration;
			buildSettings = {
				ASSETCATALOG_COMPILER_APPICON_NAME = AppIcon;
				CODE_SIGN_STYLE = Automatic;
				DEVELOPMENT_TEAM = 836WWF38RW;
				INFOPLIST_FILE = "Course - 1st swift apps - HW-10/SupportingFiles/Info.plist";
				LD_RUNPATH_SEARCH_PATHS = (
					"$(inherited)",
					"@executable_path/Frameworks",
				);
				PRODUCT_BUNDLE_IDENTIFIER = "Lev-Litvak.Course---1st-swift-apps---HW-10";
				PRODUCT_NAME = "$(TARGET_NAME)";
				SWIFT_VERSION = 5.0;
				TARGETED_DEVICE_FAMILY = "1,2";
			};
			name = Release;
		};
/* End XCBuildConfiguration section */

/* Begin XCConfigurationList section */
		3A8B065E240A4D3300CF0849 /* Build configuration list for PBXProject "Course - 1st swift apps - HW-10" */ = {
			isa = XCConfigurationList;
			buildConfigurations = (
				3A8B0678240A4D3400CF0849 /* Debug */,
				3A8B0679240A4D3400CF0849 /* Release */,
			);
			defaultConfigurationIsVisible = 0;
			defaultConfigurationName = Release;
		};
		3A8B067A240A4D3400CF0849 /* Build configuration list for PBXNativeTarget "Course - 1st swift apps - HW-10" */ = {
			isa = XCConfigurationList;
			buildConfigurations = (
				3A8B067B240A4D3400CF0849 /* Debug */,
				3A8B067C240A4D3400CF0849 /* Release */,
			);
			defaultConfigurationIsVisible = 0;
			defaultConfigurationName = Release;
		};
/* End XCConfigurationList section */

/* Begin XCVersionGroup section */
		3A8B066F240A4D3300CF0849 /* Course___1st_swift_apps___HW_10.xcdatamodeld */ = {
			isa = XCVersionGroup;
			children = (
				3A8B0670240A4D3300CF0849 /* Course___1st_swift_apps___HW_10.xcdatamodel */,
			);
			currentVersion = 3A8B0670240A4D3300CF0849 /* Course___1st_swift_apps___HW_10.xcdatamodel */;
			path = "Course___1st_swift_apps___HW_10.xcdatamodeld";
			sourceTree = "<group>";
			versionGroupType = wrapper.xcdatamodel;
		};
/* End XCVersionGroup section */
	};
	rootObject = 3A8B065B240A4D3300CF0849 /* Project object */;
}
